
Microsoft Visual Studio Solution File, Format Version 12.00
# Visual Studio Version 16
VisualStudioVersion = 16.0.31205.134
MinimumVisualStudioVersion = 10.0.40219.1
Project("{FAE04EC0-301F-11D3-BF4B-00C04F79EFBC}") = "RadioTrainingCreator", "RadioTrainingCreator\RadioTrainingCreator.csproj", "{AA0E32B3-0257-4377-8184-29E5238FC1CF}"
EndProject
Project("{FAE04EC0-301F-11D3-BF4B-00C04F79EFBC}") = "RadioTrainingCreator.GUI", "RadioTrainingCreator.GUI\RadioTrainingCreator.GUI.csproj", "{88C6B63C-BC08-48A3-9A9E-9C6D6F1AD219}"
EndProject
Project("{FAE04EC0-301F-11D3-BF4B-00C04F79EFBC}") = "RadioTrainingCreator.Tests", "RadioTrainingCreator.Tests\RadioTrainingCreator.Tests.csproj", "{E92490A1-8EA1-42A7-B4B7-67B02D5BA5AD}"
EndProject
Project("{FAE04EC0-301F-11D3-BF4B-00C04F79EFBC}") = "RadioTrainingCreator.Data", "RadioTrainingCreator.Data\RadioTrainingCreator.Data.csproj", "{AC055770-34D7-4A6C-A820-22EC8F85C713}"
EndProject
Global
	GlobalSection(SolutionConfigurationPlatforms) = preSolution
		Debug|Any CPU = Debug|Any CPU
		Release|Any CPU = Release|Any CPU
	EndGlobalSection
	GlobalSection(ProjectConfigurationPlatforms) = postSolution
		{AA0E32B3-0257-4377-8184-29E5238FC1CF}.Debug|Any CPU.ActiveCfg = Debug|Any CPU
		{AA0E32B3-0257-4377-8184-29E5238FC1CF}.Debug|Any CPU.Build.0 = Debug|Any CPU
		{AA0E32B3-0257-4377-8184-29E5238FC1CF}.Release|Any CPU.ActiveCfg = Release|Any CPU
		{AA0E32B3-0257-4377-8184-29E5238FC1CF}.Release|Any CPU.Build.0 = Release|Any CPU
		{88C6B63C-BC08-48A3-9A9E-9C6D6F1AD219}.Debug|Any CPU.ActiveCfg = Debug|Any CPU
		{88C6B63C-BC08-48A3-9A9E-9C6D6F1AD219}.Debug|Any CPU.Build.0 = Debug|Any CPU
		{88C6B63C-BC08-48A3-9A9E-9C6D6F1AD219}.Release|Any CPU.ActiveCfg = Release|Any CPU
		{88C6B63C-BC08-48A3-9A9E-9C6D6F1AD219}.Release|Any CPU.Build.0 = Release|Any CPU
		{E92490A1-8EA1-42A7-B4B7-67B02D5BA5AD}.Debug|Any CPU.ActiveCfg = Debug|Any CPU
		{E92490A1-8EA1-42A7-B4B7-67B02D5BA5AD}.Debug|Any CPU.Build.0 = Debug|Any CPU
		{E92490A1-8EA1-42A7-B4B7-67B02D5BA5AD}.Release|Any CPU.ActiveCfg = Release|Any CPU
		{E92490A1-8EA1-42A7-B4B7-67B02D5BA5AD}.Release|Any CPU.Build.0 = Release|Any CPU
		{AC055770-34D7-4A6C-A820-22EC8F85C713}.Debug|Any CPU.ActiveCfg = Debug|Any CPU
		{AC055770-34D7-4A6C-A820-22EC8F85C713}.Debug|Any CPU.Build.0 = Debug|Any CPU
		{AC055770-34D7-4A6C-A820-22EC8F85C713}.Release|Any CPU.ActiveCfg = Release|Any CPU
		{AC055770-34D7-4A6C-A820-22EC8F85C713}.Release|Any CPU.Build.0 = Release|Any CPU
	EndGlobalSection
	GlobalSection(SolutionProperties) = preSolution
		HideSolutionNode = FALSE
	EndGlobalSection
	GlobalSection(ExtensibilityGlobals) = postSolution
		SolutionGuid = {45E733FE-4E7F-4792-9F9E-7D64F922F70C}
	EndGlobalSection
EndGlobal
